
Microsoft Visual Studio Solution File, Format Version 12.00
# Visual Studio Version 16
VisualStudioVersion = 16.0.33027.164
MinimumVisualStudioVersion = 10.0.40219.1
Project("{2150E333-8FDC-42A3-9474-1A3956D46DE8}") = "Services", "Services", "{ACEB23D3-E07E-45E6-B2AC-2E080A4E1DD8}"
EndProject
Project("{2150E333-8FDC-42A3-9474-1A3956D46DE8}") = "Catalog", "Catalog", "{2380148A-8101-4492-92E1-917546D41F62}"
EndProject
Project("{9A19103F-16F7-4668-BE54-9A1E7A4F7556}") = "Catalog.API", "Services\Catalog\Catalog.API\Catalog.API.csproj", "{1475D649-502A-4C0D-840E-C8AF8D084048}"
EndProject
Project("{E53339B2-1760-4266-BCC7-CA923CBCF16C}") = "docker-compose", "docker-compose.dcproj", "{5213000C-0626-4617-BFD6-B61F86D77F25}"
EndProject
Project("{2150E333-8FDC-42A3-9474-1A3956D46DE8}") = "Basket", "Basket", "{82294313-EDDC-40C9-97C0-307A2505E995}"
EndProject
Project("{FAE04EC0-301F-11D3-BF4B-00C04F79EFBC}") = "Basket.API", "Services\Basket\Basket.API\Basket.API.csproj", "{7E2EFA2A-5DC8-4248-A571-DE9E1C5A997D}"
EndProject
Global
	GlobalSection(SolutionConfigurationPlatforms) = preSolution
		Debug|Any CPU = Debug|Any CPU
		Release|Any CPU = Release|Any CPU
	EndGlobalSection
	GlobalSection(ProjectConfigurationPlatforms) = postSolution
		{1475D649-502A-4C0D-840E-C8AF8D084048}.Debug|Any CPU.ActiveCfg = Debug|Any CPU
		{1475D649-502A-4C0D-840E-C8AF8D084048}.Debug|Any CPU.Build.0 = Debug|Any CPU
		{1475D649-502A-4C0D-840E-C8AF8D084048}.Release|Any CPU.ActiveCfg = Release|Any CPU
		{1475D649-502A-4C0D-840E-C8AF8D084048}.Release|Any CPU.Build.0 = Release|Any CPU
		{5213000C-0626-4617-BFD6-B61F86D77F25}.Debug|Any CPU.ActiveCfg = Debug|Any CPU
		{5213000C-0626-4617-BFD6-B61F86D77F25}.Debug|Any CPU.Build.0 = Debug|Any CPU
		{5213000C-0626-4617-BFD6-B61F86D77F25}.Release|Any CPU.ActiveCfg = Release|Any CPU
		{5213000C-0626-4617-BFD6-B61F86D77F25}.Release|Any CPU.Build.0 = Release|Any CPU
		{7E2EFA2A-5DC8-4248-A571-DE9E1C5A997D}.Debug|Any CPU.ActiveCfg = Debug|Any CPU
		{7E2EFA2A-5DC8-4248-A571-DE9E1C5A997D}.Debug|Any CPU.Build.0 = Debug|Any CPU
		{7E2EFA2A-5DC8-4248-A571-DE9E1C5A997D}.Release|Any CPU.ActiveCfg = Release|Any CPU
		{7E2EFA2A-5DC8-4248-A571-DE9E1C5A997D}.Release|Any CPU.Build.0 = Release|Any CPU
	EndGlobalSection
	GlobalSection(SolutionProperties) = preSolution
		HideSolutionNode = FALSE
	EndGlobalSection
	GlobalSection(NestedProjects) = preSolution
		{2380148A-8101-4492-92E1-917546D41F62} = {ACEB23D3-E07E-45E6-B2AC-2E080A4E1DD8}
		{1475D649-502A-4C0D-840E-C8AF8D084048} = {2380148A-8101-4492-92E1-917546D41F62}
		{82294313-EDDC-40C9-97C0-307A2505E995} = {ACEB23D3-E07E-45E6-B2AC-2E080A4E1DD8}
		{7E2EFA2A-5DC8-4248-A571-DE9E1C5A997D} = {82294313-EDDC-40C9-97C0-307A2505E995}
	EndGlobalSection
	GlobalSection(ExtensibilityGlobals) = postSolution
		SolutionGuid = {615D059F-47D2-4BA0-9F0E-405FBAD187FE}
	EndGlobalSection
EndGlobal
